{
  "name": "site-audit-lite",
  "version": "1.0.0",
  "lockfileVersion": 3,
  "requires": true,
  "packages": {
    "": {
      "name": "site-audit-lite",
      "version": "1.0.0",
      "dependencies": {
        "playwright": "^1.54.0",
        "tldts": "^7.4.10"
      },
      "engines": {
        "node": ">=20"
      }
    },
    "node_modules/fsevents": {
      "version": "2.3.2",
      "resolved": "https://registry.npmjs.org/fsevents/-/fsevents-2.3.2.tgz",
      "integrity": "sha512-xiqMQR4xAeHTuB9uWm+fFRcIOgKBMiOBP+eXiyT7jsgVCq1bkVygt00oASowB7EdtpOHaaPgKt812P9ab+DDKA==",
      "hasInstallScript": true,
      "license": "MIT",
      "optional": true,
      "os": [
        "darwin"
      ],
      "engines": {
        "node": "^8.16.0 || ^10.6.0 || >=11.0.0"
      }
    },
    "node_modules/playwright": {
      "version": "1.62.1",
      "resolved": "https://registry.npmjs.org/playwright/-/playwright-1.62.1.tgz",
      "integrity": "sha512-0M+L3LAD8/nm554LOla9Ayx0j0tmFZ0FBcoQ7F1VuVHpM/XpiC8RcDzBQB8W5+hA8L22THxELzeF+2WcUzvcLg==",
      "license": "Apache-2.0",
      "dependencies": {
        "playwright-core": "1.62.1"
      },
      "bin": {
        "playwright": "cli.js"
      },
      "engines": {
        "node": ">=20"
      },
      "optionalDependencies": {
        "fsevents": "2.3.2"
      }
    },
    "node_modules/playwright-core": {
      "version": "1.62.1",
      "resolved": "https://registry.npmjs.org/playwright-core/-/playwright-core-1.62.1.tgz",
      "integrity": "sha512-wPYSwEBJY9GHraISXqyqtx0na0LpO3XEX7jNDhntbex7tzUS7kLnZsOlFruFJB4Hi/rhDMjXGqHewDZ68nYZVw==",
      "license": "Apache-2.0",
      "bin": {
        "playwright-core": "cli.js"
      },
      "engines": {
        "node": ">=20"
      }
    },
    "node_modules/tldts": {
      "version": "7.4.10",
      "resolved": "https://registry.npmjs.org/tldts/-/tldts-7.4.10.tgz",
      "integrity": "sha512-GgouD1B+sWwvkaEq8vXC15DjQitxbvs12oIXELpconwm+Tg3zfcEv4jgzq3vtKverDXsg3VI8aRgNL2Nra0Iog==",
      "license": "MIT",
      "dependencies": {
        "tldts-core": "^7.4.10"
      },
      "bin": {
        "tldts": "bin/cli.js"
      }
    },
    "node_modules/tldts-core": {
      "version": "7.4.10",
      "resolved": "https://registry.npmjs.org/tldts-core/-/tldts-core-7.4.10.tgz",
      "integrity": "sha512-KnQjp53ZekKgm/r3l+u8kJGGzYgrWdP8+Mql7a4vijh2WE0IrZWspQj/TpTxDho/YxO+AnOZnIjQcCD+q6iJsw==",
      "license": "MIT"
    }
  }
}
